
Microsoft Visual Studio Solution File, Format Version 12.00
# Visual Studio 15
VisualStudioVersion = 15.0.28307.705
MinimumVisualStudioVersion = 10.0.40219.1
Project("{FAE04EC0-301F-11D3-BF4B-00C04F79EFBC}") = "Tube.Web", "Tube.Web\Tube.Web.csproj", "{AE0D7698-34ED-4680-B9FE-31BE17FD5D92}"
EndProject
Global
	GlobalSection(SolutionConfigurationPlatforms) = preSolution
		Debug|Any CPU = Debug|Any CPU
		Release|Any CPU = Release|Any CPU
	EndGlobalSection
	GlobalSection(ProjectConfigurationPlatforms) = postSolution
		{AE0D7698-34ED-4680-B9FE-31BE17FD5D92}.Debug|Any CPU.ActiveCfg = Debug|Any CPU
		{AE0D7698-34ED-4680-B9FE-31BE17FD5D92}.Debug|Any CPU.Build.0 = Debug|Any CPU
		{AE0D7698-34ED-4680-B9FE-31BE17FD5D92}.Release|Any CPU.ActiveCfg = Release|Any CPU
		{AE0D7698-34ED-4680-B9FE-31BE17FD5D92}.Release|Any CPU.Build.0 = Release|Any CPU
	EndGlobalSection
	GlobalSection(SolutionProperties) = preSolution
		HideSolutionNode = FALSE
	EndGlobalSection
	GlobalSection(ExtensibilityGlobals) = postSolution
		SolutionGuid = {286D369A-32DC-416A-89A0-E0D747B5AFFA}
	EndGlobalSection
EndGlobal
